
Microsoft Visual Studio Solution File, Format Version 12.00
# Visual Studio Version 16
VisualStudioVersion = 16.0.32630.194
MinimumVisualStudioVersion = 10.0.40219.1
Project("{FAE04EC0-301F-11D3-BF4B-00C04F79EFBC}") = "Disconnected_Arch", "Disconnected_Arch\Disconnected_Arch.csproj", "{CE69DD7A-3DAB-4E7D-8880-22BF178B4802}"
EndProject
Global
	GlobalSection(SolutionConfigurationPlatforms) = preSolution
		Debug|Any CPU = Debug|Any CPU
		Release|Any CPU = Release|Any CPU
	EndGlobalSection
	GlobalSection(ProjectConfigurationPlatforms) = postSolution
		{CE69DD7A-3DAB-4E7D-8880-22BF178B4802}.Debug|Any CPU.ActiveCfg = Debug|Any CPU
		{CE69DD7A-3DAB-4E7D-8880-22BF178B4802}.Debug|Any CPU.Build.0 = Debug|Any CPU
		{CE69DD7A-3DAB-4E7D-8880-22BF178B4802}.Release|Any CPU.ActiveCfg = Release|Any CPU
		{CE69DD7A-3DAB-4E7D-8880-22BF178B4802}.Release|Any CPU.Build.0 = Release|Any CPU
	EndGlobalSection
	GlobalSection(SolutionProperties) = preSolution
		HideSolutionNode = FALSE
	EndGlobalSection
	GlobalSection(ExtensibilityGlobals) = postSolution
		SolutionGuid = {678AD541-2FDF-448D-A62D-438E31803F55}
	EndGlobalSection
EndGlobal
