
Microsoft Visual Studio Solution File, Format Version 12.00
# Visual Studio Version 16
VisualStudioVersion = 16.0.32630.194
MinimumVisualStudioVersion = 10.0.40219.1
Project("{FAE04EC0-301F-11D3-BF4B-00C04F79EFBC}") = "ConnectedArchitecture_1", "ConnectedArchitecture_1\ConnectedArchitecture_1.csproj", "{97DB5861-358F-4055-97ED-DC6EBC62AB87}"
EndProject
Global
	GlobalSection(SolutionConfigurationPlatforms) = preSolution
		Debug|Any CPU = Debug|Any CPU
		Release|Any CPU = Release|Any CPU
	EndGlobalSection
	GlobalSection(ProjectConfigurationPlatforms) = postSolution
		{97DB5861-358F-4055-97ED-DC6EBC62AB87}.Debug|Any CPU.ActiveCfg = Debug|Any CPU
		{97DB5861-358F-4055-97ED-DC6EBC62AB87}.Debug|Any CPU.Build.0 = Debug|Any CPU
		{97DB5861-358F-4055-97ED-DC6EBC62AB87}.Release|Any CPU.ActiveCfg = Release|Any CPU
		{97DB5861-358F-4055-97ED-DC6EBC62AB87}.Release|Any CPU.Build.0 = Release|Any CPU
	EndGlobalSection
	GlobalSection(SolutionProperties) = preSolution
		HideSolutionNode = FALSE
	EndGlobalSection
	GlobalSection(ExtensibilityGlobals) = postSolution
		SolutionGuid = {8803348E-2A45-4B37-87FB-90FE8D4EDD5A}
	EndGlobalSection
EndGlobal
